
Microsoft Visual Studio Solution File, Format Version 12.00
# Visual Studio Version 17
VisualStudioVersion = 17.5.002.0
MinimumVisualStudioVersion = 10.0.40219.1
Project("{56914A2B-724F-4E24-AD81-C1ACBA396BC3}") = "TodoApp.API", "TodoApp.API/TodoApp.API.csproj", "{2A2429FA-C524-4279-B1D8-FC084158F548}"
EndProject
Project("{FAE04EC0-301F-11D3-BF4B-00C04F79EFBC}") = "TodoApp.API.Test", "test\TodoApp.API.Test\TodoApp.API.Test.csproj", "{83508ECB-5E9B-41BF-BD79-0BD61CEEF0C9}"
EndProject
Project("{FAE04EC0-301F-11D3-BF4B-00C04F79EFBC}") = "TodoApp.API.IntegrationTest", "test\TodoApp.API.IntegrationTest\TodoApp.API.IntegrationTest.csproj", "{F1FAB06C-93D1-4D7A-BCC1-0D45EFF9314F}"
EndProject
Global
	GlobalSection(SolutionConfigurationPlatforms) = preSolution
		Debug|Any CPU = Debug|Any CPU
		Release|Any CPU = Release|Any CPU
	EndGlobalSection
	GlobalSection(ProjectConfigurationPlatforms) = postSolution
		{2A2429FA-C524-4279-B1D8-FC084158F548}.Debug|Any CPU.ActiveCfg = Debug|Any CPU
		{2A2429FA-C524-4279-B1D8-FC084158F548}.Debug|Any CPU.Build.0 = Debug|Any CPU
		{2A2429FA-C524-4279-B1D8-FC084158F548}.Release|Any CPU.ActiveCfg = Release|Any CPU
		{2A2429FA-C524-4279-B1D8-FC084158F548}.Release|Any CPU.Build.0 = Release|Any CPU
		{83508ECB-5E9B-41BF-BD79-0BD61CEEF0C9}.Debug|Any CPU.ActiveCfg = Debug|Any CPU
		{83508ECB-5E9B-41BF-BD79-0BD61CEEF0C9}.Debug|Any CPU.Build.0 = Debug|Any CPU
		{83508ECB-5E9B-41BF-BD79-0BD61CEEF0C9}.Release|Any CPU.ActiveCfg = Release|Any CPU
		{83508ECB-5E9B-41BF-BD79-0BD61CEEF0C9}.Release|Any CPU.Build.0 = Release|Any CPU
		{F1FAB06C-93D1-4D7A-BCC1-0D45EFF9314F}.Debug|Any CPU.ActiveCfg = Debug|Any CPU
		{F1FAB06C-93D1-4D7A-BCC1-0D45EFF9314F}.Debug|Any CPU.Build.0 = Debug|Any CPU
		{F1FAB06C-93D1-4D7A-BCC1-0D45EFF9314F}.Release|Any CPU.ActiveCfg = Release|Any CPU
		{F1FAB06C-93D1-4D7A-BCC1-0D45EFF9314F}.Release|Any CPU.Build.0 = Release|Any CPU
	EndGlobalSection
	GlobalSection(SolutionProperties) = preSolution
		HideSolutionNode = FALSE
	EndGlobalSection
	GlobalSection(ExtensibilityGlobals) = postSolution
		SolutionGuid = {FCE563C4-14F8-4498-9E6C-F89AD565C3B9}
	EndGlobalSection
EndGlobal
