
Microsoft Visual Studio Solution File, Format Version 12.00
# Visual Studio Version 17
VisualStudioVersion = 17.1.32328.378
MinimumVisualStudioVersion = 10.0.40219.1
Project("{FAE04EC0-301F-11D3-BF4B-00C04F79EFBC}") = "week02.console", "src\week02.console\week02.console.csproj", "{82EB80D0-9CE1-46D6-8C71-2DAD6532F199}"
EndProject
Global
	GlobalSection(SolutionConfigurationPlatforms) = preSolution
		Debug|Any CPU = Debug|Any CPU
		Release|Any CPU = Release|Any CPU
	EndGlobalSection
	GlobalSection(ProjectConfigurationPlatforms) = postSolution
		{82EB80D0-9CE1-46D6-8C71-2DAD6532F199}.Debug|Any CPU.ActiveCfg = Debug|Any CPU
		{82EB80D0-9CE1-46D6-8C71-2DAD6532F199}.Debug|Any CPU.Build.0 = Debug|Any CPU
		{82EB80D0-9CE1-46D6-8C71-2DAD6532F199}.Release|Any CPU.ActiveCfg = Release|Any CPU
		{82EB80D0-9CE1-46D6-8C71-2DAD6532F199}.Release|Any CPU.Build.0 = Release|Any CPU
	EndGlobalSection
	GlobalSection(SolutionProperties) = preSolution
		HideSolutionNode = FALSE
	EndGlobalSection
	GlobalSection(ExtensibilityGlobals) = postSolution
		SolutionGuid = {8E536F5A-1664-4D88-8468-4C7E91503B96}
	EndGlobalSection
EndGlobal
